// !$*UTF8*$!
{
	archiveVersion = 1;
	classes = {
	};
	objectVersion = 46;
	objects = {

/* Begin PBXBuildFile section */
		9F32786F51EE83767F3EBB01 /* libPods.a in Frameworks */ = {isa = PBXBuildFile; fileRef = 86453D725D458EC5ECDD45BA /* libPods.a */; };
		D051F3C01C9FD53200BAAE0E /* 知乎1.jpg in Resources */ = {isa = PBXBuildFile; fileRef = D051F3BF1C9FD53200BAAE0E /* 知乎1.jpg */; };
		D051F3C31C9FD66E00BAAE0E /* RLProfileView.m in Sources */ = {isa = PBXBuildFile; fileRef = D051F3C21C9FD66E00BAAE0E /* RLProfileView.m */; };
		D051F3C51C9FDCD300BAAE0E /* Foundation+Log.m in Sources */ = {isa = PBXBuildFile; fileRef = D051F3C41C9FDCD300BAAE0E /* Foundation+Log.m */; };
		D051F3CB1C9FDD2500BAAE0E /* NSObject+RLAppearance.m in Sources */ = {isa = PBXBuildFile; fileRef = D051F3C81C9FDD2500BAAE0E /* NSObject+RLAppearance.m */; };
		D051F3CC1C9FDD2500BAAE0E /* UIView+Extension.m in Sources */ = {isa = PBXBuildFile; fileRef = D051F3CA1C9FDD2500BAAE0E /* UIView+Extension.m */; };
		D054A6E91C9BACE800716E70 /* Launch Screen.storyboard in Resources */ = {isa = PBXBuildFile; fileRef = D054A6E81C9BACE800716E70 /* Launch Screen.storyboard */; };
		D064ABFC1C9A583900229973 /* RLTabBarController.m in Sources */ = {isa = PBXBuildFile; fileRef = D064ABFB1C9A583900229973 /* RLTabBarController.m */; };
		D064ABFF1C9A8A6D00229973 /* RLDetailPageController.m in Sources */ = {isa = PBXBuildFile; fileRef = D064ABFE1C9A8A6D00229973 /* RLDetailPageController.m */; };
		D064AC021C9A8AA000229973 /* RLDailyListCollection.m in Sources */ = {isa = PBXBuildFile; fileRef = D064AC011C9A8AA000229973 /* RLDailyListCollection.m */; };
		D064AC091C9A95BC00229973 /* RLCommonNavigation.m in Sources */ = {isa = PBXBuildFile; fileRef = D064AC081C9A95BC00229973 /* RLCommonNavigation.m */; };
		D064AC0C1C9AA35600229973 /* RLCustomTabBar.m in Sources */ = {isa = PBXBuildFile; fileRef = D064AC0B1C9AA35600229973 /* RLCustomTabBar.m */; };
		D0BC55D41C999E8E00EF2883 /* AppDelegate.m in Sources */ = {isa = PBXBuildFile; fileRef = D0BC55D31C999E8E00EF2883 /* AppDelegate.m */; };
		D0BC55DA1C99A9A800EF2883 /* Images.xcassets in Resources */ = {isa = PBXBuildFile; fileRef = D0BC55D91C99A9A800EF2883 /* Images.xcassets */; };
		D0E913341C9EC2F400C83E7A /* icon_profile_normal@2x.png in Resources */ = {isa = PBXBuildFile; fileRef = D0E913331C9EC2F400C83E7A /* icon_profile_normal@2x.png */; };
		D0FCBA681C979B12008A4C28 /* main.m in Sources */ = {isa = PBXBuildFile; fileRef = D0FCBA671C979B12008A4C28 /* main.m */; };
		D0FCBA711C979B12008A4C28 /* Main.storyboard in Resources */ = {isa = PBXBuildFile; fileRef = D0FCBA6F1C979B12008A4C28 /* Main.storyboard */; };
		D0FCBA821C979B13008A4C28 /* RLDailyViewsTests.m in Sources */ = {isa = PBXBuildFile; fileRef = D0FCBA811C979B13008A4C28 /* RLDailyViewsTests.m */; };
/* End PBXBuildFile section */

/* Begin PBXContainerItemProxy section */
		D0FCBA7C1C979B12008A4C28 /* PBXContainerItemProxy */ = {
			isa = PBXContainerItemProxy;
			containerPortal = D0FCBA5A1C979B12008A4C28 /* Project object */;
			proxyType = 1;
			remoteGlobalIDString = D0FCBA611C979B12008A4C28;
			remoteInfo = RLDailyViews;
		};
/* End PBXContainerItemProxy section */

/* Begin PBXFileReference section */
		3313C8F6AE0F1EB6D8F1C286 /* Pods.release.xcconfig */ = {isa = PBXFileReference; includeInIndex = 1; lastKnownFileType = text.xcconfig; name = Pods.release.xcconfig; path = "Pods/Target Support Files/Pods/Pods.release.xcconfig"; sourceTree = "<group>"; };
		4607DE83E039086883A61831 /* Pods.debug.xcconfig */ = {isa = PBXFileReference; includeInIndex = 1; lastKnownFileType = text.xcconfig; name = Pods.debug.xcconfig; path = "Pods/Target Support Files/Pods/Pods.debug.xcconfig"; sourceTree = "<group>"; };
		86453D725D458EC5ECDD45BA /* libPods.a */ = {isa = PBXFileReference; explicitFileType = archive.ar; includeInIndex = 0; path = libPods.a; sourceTree = BUILT_PRODUCTS_DIR; };
		D051F3BF1C9FD53200BAAE0E /* 知乎1.jpg */ = {isa = PBXFileReference; lastKnownFileType = image.jpeg; path = "知乎1.jpg"; sourceTree = "<group>"; };
		D051F3C11C9FD66E00BAAE0E /* RLProfileView.h */ = {isa = PBXFileReference; fileEncoding = 4; lastKnownFileType = sourcecode.c.h; path = RLProfileView.h; sourceTree = "<group>"; };
		D051F3C21C9FD66E00BAAE0E /* RLProfileView.m */ = {isa = PBXFileReference; fileEncoding = 4; lastKnownFileType = sourcecode.c.objc; path = RLProfileView.m; sourceTree = "<group>"; };
		D051F3C41C9FDCD300BAAE0E /* Foundation+Log.m */ = {isa = PBXFileReference; fileEncoding = 4; lastKnownFileType = sourcecode.c.objc; path = "Foundation+Log.m"; sourceTree = "<group>"; };
		D051F3C71C9FDD2500BAAE0E /* NSObject+RLAppearance.h */ = {isa = PBXFileReference; fileEncoding = 4; lastKnownFileType = sourcecode.c.h; path = "NSObject+RLAppearance.h"; sourceTree = "<group>"; };
		D051F3C81C9FDD2500BAAE0E /* NSObject+RLAppearance.m */ = {isa = PBXFileReference; fileEncoding = 4; lastKnownFileType = sourcecode.c.objc; path = "NSObject+RLAppearance.m"; sourceTree = "<group>"; };
		D051F3C91C9FDD2500BAAE0E /* UIView+Extension.h */ = {isa = PBXFileReference; fileEncoding = 4; lastKnownFileType = sourcecode.c.h; path = "UIView+Extension.h"; sourceTree = "<group>"; };
		D051F3CA1C9FDD2500BAAE0E /* UIView+Extension.m */ = {isa = PBXFileReference; fileEncoding = 4; lastKnownFileType = sourcecode.c.objc; path = "UIView+Extension.m"; sourceTree = "<group>"; };
		D054A6E81C9BACE800716E70 /* Launch Screen.storyboard */ = {isa = PBXFileReference; fileEncoding = 4; lastKnownFileType = file.storyboard; path = "Launch Screen.storyboard"; sourceTree = "<group>"; };
		D054A6F51C9BFF6500716E70 /* (arc:mrc)Singleton.h */ = {isa = PBXFileReference; fileEncoding = 4; lastKnownFileType = sourcecode.c.h; path = "(arc:mrc)Singleton.h"; sourceTree = "<group>"; };
		D054A6F61C9BFF6500716E70 /* PrefixHeader.pch */ = {isa = PBXFileReference; fileEncoding = 4; lastKnownFileType = sourcecode.c.h; path = PrefixHeader.pch; sourceTree = "<group>"; };
		D054A6F71C9BFF6500716E70 /* RLDefine.h */ = {isa = PBXFileReference; fileEncoding = 4; lastKnownFileType = sourcecode.c.h; path = RLDefine.h; sourceTree = "<group>"; };
		D054A6F81C9BFF6500716E70 /* Singleton.h */ = {isa = PBXFileReference; fileEncoding = 4; lastKnownFileType = sourcecode.c.h; path = Singleton.h; sourceTree = "<group>"; };
		D064ABFA1C9A583900229973 /* RLTabBarController.h */ = {isa = PBXFileReference; fileEncoding = 4; lastKnownFileType = sourcecode.c.h; path = RLTabBarController.h; sourceTree = "<group>"; };
		D064ABFB1C9A583900229973 /* RLTabBarController.m */ = {isa = PBXFileReference; fileEncoding = 4; lastKnownFileType = sourcecode.c.objc; path = RLTabBarController.m; sourceTree = "<group>"; };
		D064ABFD1C9A8A6D00229973 /* RLDetailPageController.h */ = {isa = PBXFileReference; fileEncoding = 4; lastKnownFileType = sourcecode.c.h; path = RLDetailPageController.h; sourceTree = "<group>"; };
		D064ABFE1C9A8A6D00229973 /* RLDetailPageController.m */ = {isa = PBXFileReference; fileEncoding = 4; lastKnownFileType = sourcecode.c.objc; path = RLDetailPageController.m; sourceTree = "<group>"; };
		D064AC001C9A8AA000229973 /* RLDailyListCollection.h */ = {isa = PBXFileReference; fileEncoding = 4; lastKnownFileType = sourcecode.c.h; path = RLDailyListCollection.h; sourceTree = "<group>"; };
		D064AC011C9A8AA000229973 /* RLDailyListCollection.m */ = {isa = PBXFileReference; fileEncoding = 4; lastKnownFileType = sourcecode.c.objc; path = RLDailyListCollection.m; sourceTree = "<group>"; };
		D064AC071C9A95BC00229973 /* RLCommonNavigation.h */ = {isa = PBXFileReference; fileEncoding = 4; lastKnownFileType = sourcecode.c.h; path = RLCommonNavigation.h; sourceTree = "<group>"; };
		D064AC081C9A95BC00229973 /* RLCommonNavigation.m */ = {isa = PBXFileReference; fileEncoding = 4; lastKnownFileType = sourcecode.c.objc; path = RLCommonNavigation.m; sourceTree = "<group>"; };
		D064AC0A1C9AA35600229973 /* RLCustomTabBar.h */ = {isa = PBXFileReference; fileEncoding = 4; lastKnownFileType = sourcecode.c.h; path = RLCustomTabBar.h; sourceTree = "<group>"; };
		D064AC0B1C9AA35600229973 /* RLCustomTabBar.m */ = {isa = PBXFileReference; fileEncoding = 4; lastKnownFileType = sourcecode.c.objc; path = RLCustomTabBar.m; sourceTree = "<group>"; };
		D0BC55D21C999E8E00EF2883 /* AppDelegate.h */ = {isa = PBXFileReference; fileEncoding = 4; lastKnownFileType = sourcecode.c.h; path = AppDelegate.h; sourceTree = "<group>"; };
		D0BC55D31C999E8E00EF2883 /* AppDelegate.m */ = {isa = PBXFileReference; fileEncoding = 4; lastKnownFileType = sourcecode.c.objc; path = AppDelegate.m; sourceTree = "<group>"; };
		D0BC55D91C99A9A800EF2883 /* Images.xcassets */ = {isa = PBXFileReference; lastKnownFileType = folder.assetcatalog; path = Images.xcassets; sourceTree = "<group>"; };
		D0E913331C9EC2F400C83E7A /* icon_profile_normal@2x.png */ = {isa = PBXFileReference; lastKnownFileType = image.png; path = "icon_profile_normal@2x.png"; sourceTree = "<group>"; };
		D0FCBA621C979B12008A4C28 /* RLDailyViews.app */ = {isa = PBXFileReference; explicitFileType = wrapper.application; includeInIndex = 0; path = RLDailyViews.app; sourceTree = BUILT_PRODUCTS_DIR; };
		D0FCBA661C979B12008A4C28 /* Info.plist */ = {isa = PBXFileReference; lastKnownFileType = text.plist.xml; path = Info.plist; sourceTree = "<group>"; };
		D0FCBA671C979B12008A4C28 /* main.m */ = {isa = PBXFileReference; lastKnownFileType = sourcecode.c.objc; path = main.m; sourceTree = "<group>"; };
		D0FCBA701C979B12008A4C28 /* Base */ = {isa = PBXFileReference; lastKnownFileType = file.storyboard; name = Base; path = Base.lproj/Main.storyboard; sourceTree = "<group>"; };
		D0FCBA7B1C979B12008A4C28 /* RLDailyViewsTests.xctest */ = {isa = PBXFileReference; explicitFileType = wrapper.cfbundle; includeInIndex = 0; path = RLDailyViewsTests.xctest; sourceTree = BUILT_PRODUCTS_DIR; };
		D0FCBA801C979B13008A4C28 /* Info.plist */ = {isa = PBXFileReference; lastKnownFileType = text.plist.xml; path = Info.plist; sourceTree = "<group>"; };
		D0FCBA811C979B13008A4C28 /* RLDailyViewsTests.m */ = {isa = PBXFileReference; lastKnownFileType = sourcecode.c.objc; path = RLDailyViewsTests.m; sourceTree = "<group>"; };
/* End PBXFileReference section */

/* Begin PBXFrameworksBuildPhase section */
		D0FCBA5F1C979B12008A4C28 /* Frameworks */ = {
			isa = PBXFrameworksBuildPhase;
			buildActionMask = 2147483647;
			files = (
				9F32786F51EE83767F3EBB01 /* libPods.a in Frameworks */,
			);
			runOnlyForDeploymentPostprocessing = 0;
		};
		D0FCBA781C979B12008A4C28 /* Frameworks */ = {
			isa = PBXFrameworksBuildPhase;
			buildActionMask = 2147483647;
			files = (
			);
			runOnlyForDeploymentPostprocessing = 0;
		};
/* End PBXFrameworksBuildPhase section */

/* Begin PBXGroup section */
		3514930A8CF7E18FD47A17E7 /* Frameworks */ = {
			isa = PBXGroup;
			children = (
				86453D725D458EC5ECDD45BA /* libPods.a */,
			);
			name = Frameworks;
			sourceTree = "<group>";
		};
		4A1BD922B7AE983E94585DD1 /* Pods */ = {
			isa = PBXGroup;
			children = (
				4607DE83E039086883A61831 /* Pods.debug.xcconfig */,
				3313C8F6AE0F1EB6D8F1C286 /* Pods.release.xcconfig */,
			);
			name = Pods;
			sourceTree = "<group>";
		};
		D051F3C61C9FDD2500BAAE0E /* Categories */ = {
			isa = PBXGroup;
			children = (
				D051F3C71C9FDD2500BAAE0E /* NSObject+RLAppearance.h */,
				D051F3C81C9FDD2500BAAE0E /* NSObject+RLAppearance.m */,
				D051F3C91C9FDD2500BAAE0E /* UIView+Extension.h */,
				D051F3CA1C9FDD2500BAAE0E /* UIView+Extension.m */,
			);
			path = Categories;
			sourceTree = "<group>";
		};
		D051F3CD1C9FF06300BAAE0E /* Tools */ = {
			isa = PBXGroup;
			children = (
			);
			path = Tools;
			sourceTree = "<group>";
		};
		D054A6F41C9BFF6500716E70 /* PCH */ = {
			isa = PBXGroup;
			children = (
				D054A6F51C9BFF6500716E70 /* (arc:mrc)Singleton.h */,
				D054A6F61C9BFF6500716E70 /* PrefixHeader.pch */,
				D054A6F71C9BFF6500716E70 /* RLDefine.h */,
				D054A6F81C9BFF6500716E70 /* Singleton.h */,
			);
			path = PCH;
			sourceTree = "<group>";
		};
		D064ABF91C9A565C00229973 /* TabBar */ = {
			isa = PBXGroup;
			children = (
				D064ABFA1C9A583900229973 /* RLTabBarController.h */,
				D064ABFB1C9A583900229973 /* RLTabBarController.m */,
				D064AC0A1C9AA35600229973 /* RLCustomTabBar.h */,
				D064AC0B1C9AA35600229973 /* RLCustomTabBar.m */,
			);
			path = TabBar;
			sourceTree = "<group>";
		};
		D064AC031C9A953E00229973 /* Navigation */ = {
			isa = PBXGroup;
			children = (
				D064AC071C9A95BC00229973 /* RLCommonNavigation.h */,
				D064AC081C9A95BC00229973 /* RLCommonNavigation.m */,
			);
			path = Navigation;
			sourceTree = "<group>";
		};
		D0BC55CC1C999D5300EF2883 /* Classes */ = {
			isa = PBXGroup;
			children = (
				D051F3CD1C9FF06300BAAE0E /* Tools */,
				D064ABF91C9A565C00229973 /* TabBar */,
				D064AC031C9A953E00229973 /* Navigation */,
				D0BC55EB1C99ABDC00EF2883 /* DetailPage */,
				D0BC55EE1C99ABDC00EF2883 /* Profile */,
				D0BC55CD1C999D5300EF2883 /* DailyList */,
			);
			path = Classes;
			sourceTree = "<group>";
		};
		D0BC55CD1C999D5300EF2883 /* DailyList */ = {
			isa = PBXGroup;
			children = (
				D064AC001C9A8AA000229973 /* RLDailyListCollection.h */,
				D064AC011C9A8AA000229973 /* RLDailyListCollection.m */,
			);
			path = DailyList;
			sourceTree = "<group>";
		};
		D0BC55D11C999E8E00EF2883 /* AppDelegate */ = {
			isa = PBXGroup;
			children = (
				D0BC55D21C999E8E00EF2883 /* AppDelegate.h */,
				D0BC55D31C999E8E00EF2883 /* AppDelegate.m */,
			);
			path = AppDelegate;
			sourceTree = "<group>";
		};
		D0BC55D81C99A9A800EF2883 /* Resource */ = {
			isa = PBXGroup;
			children = (
				D0E913321C9EC2F400C83E7A /* Images */,
				D0BC55D91C99A9A800EF2883 /* Images.xcassets */,
			);
			path = Resource;
			sourceTree = "<group>";
		};
		D0BC55EB1C99ABDC00EF2883 /* DetailPage */ = {
			isa = PBXGroup;
			children = (
				D064ABFD1C9A8A6D00229973 /* RLDetailPageController.h */,
				D064ABFE1C9A8A6D00229973 /* RLDetailPageController.m */,
			);
			path = DetailPage;
			sourceTree = "<group>";
		};
		D0BC55EE1C99ABDC00EF2883 /* Profile */ = {
			isa = PBXGroup;
			children = (
				D051F3C11C9FD66E00BAAE0E /* RLProfileView.h */,
				D051F3C21C9FD66E00BAAE0E /* RLProfileView.m */,
			);
			path = Profile;
			sourceTree = "<group>";
		};
		D0E913321C9EC2F400C83E7A /* Images */ = {
			isa = PBXGroup;
			children = (
				D0E913331C9EC2F400C83E7A /* icon_profile_normal@2x.png */,
			);
			path = Images;
			sourceTree = "<group>";
		};
		D0FCBA591C979B12008A4C28 = {
			isa = PBXGroup;
			children = (
				D051F3C41C9FDCD300BAAE0E /* Foundation+Log.m */,
				D051F3BF1C9FD53200BAAE0E /* 知乎1.jpg */,
				D0FCBA641C979B12008A4C28 /* RLDailyViews */,
				D0FCBA7E1C979B13008A4C28 /* RLDailyViewsTests */,
				D0FCBA631C979B12008A4C28 /* Products */,
				4A1BD922B7AE983E94585DD1 /* Pods */,
				3514930A8CF7E18FD47A17E7 /* Frameworks */,
			);
			sourceTree = "<group>";
		};
		D0FCBA631C979B12008A4C28 /* Products */ = {
			isa = PBXGroup;
			children = (
				D0FCBA621C979B12008A4C28 /* RLDailyViews.app */,
				D0FCBA7B1C979B12008A4C28 /* RLDailyViewsTests.xctest */,
			);
			name = Products;
			sourceTree = "<group>";
		};
		D0FCBA641C979B12008A4C28 /* RLDailyViews */ = {
			isa = PBXGroup;
			children = (
				D0BC55D81C99A9A800EF2883 /* Resource */,
				D0BC55CC1C999D5300EF2883 /* Classes */,
				D051F3C61C9FDD2500BAAE0E /* Categories */,
				D0BC55D11C999E8E00EF2883 /* AppDelegate */,
				D054A6F41C9BFF6500716E70 /* PCH */,
				D0FCBA651C979B12008A4C28 /* Supporting Files */,
			);
			path = RLDailyViews;
			sourceTree = "<group>";
		};
		D0FCBA651C979B12008A4C28 /* Supporting Files */ = {
			isa = PBXGroup;
			children = (
				D0FCBA6F1C979B12008A4C28 /* Main.storyboard */,
				D054A6E81C9BACE800716E70 /* Launch Screen.storyboard */,
				D0FCBA661C979B12008A4C28 /* Info.plist */,
				D0FCBA671C979B12008A4C28 /* main.m */,
			);
			name = "Supporting Files";
			sourceTree = "<group>";
		};
		D0FCBA7E1C979B13008A4C28 /* RLDailyViewsTests */ = {
			isa = PBXGroup;
			children = (
				D0FCBA811C979B13008A4C28 /* RLDailyViewsTests.m */,
				D0FCBA7F1C979B13008A4C28 /* Supporting Files */,
			);
			path = RLDailyViewsTests;
			sourceTree = "<group>";
		};
		D0FCBA7F1C979B13008A4C28 /* Supporting Files */ = {
			isa = PBXGroup;
			children = (
				D0FCBA801C979B13008A4C28 /* Info.plist */,
			);
			name = "Supporting Files";
			sourceTree = "<group>";
		};
/* End PBXGroup section */

/* Begin PBXNativeTarget section */
		D0FCBA611C979B12008A4C28 /* RLDailyViews */ = {
			isa = PBXNativeTarget;
			buildConfigurationList = D0FCBA851C979B13008A4C28 /* Build configuration list for PBXNativeTarget "RLDailyViews" */;
			buildPhases = (
				7097FAD6057CFBAC402E8CEE /* Check Pods Manifest.lock */,
				D0FCBA5E1C979B12008A4C28 /* Sources */,
				D0FCBA5F1C979B12008A4C28 /* Frameworks */,
				D0FCBA601C979B12008A4C28 /* Resources */,
				836FF1194A8FFB19C63CD699 /* Embed Pods Frameworks */,
				D6407BDF4E4BBBE7D0B8337A /* Copy Pods Resources */,
			);
			buildRules = (
			);
			dependencies = (
			);
			name = RLDailyViews;
			productName = RLDailyViews;
			productReference = D0FCBA621C979B12008A4C28 /* RLDailyViews.app */;
			productType = "com.apple.product-type.application";
		};
		D0FCBA7A1C979B12008A4C28 /* RLDailyViewsTests */ = {
			isa = PBXNativeTarget;
			buildConfigurationList = D0FCBA881C979B13008A4C28 /* Build configuration list for PBXNativeTarget "RLDailyViewsTests" */;
			buildPhases = (
				D0FCBA771C979B12008A4C28 /* Sources */,
				D0FCBA781C979B12008A4C28 /* Frameworks */,
				D0FCBA791C979B12008A4C28 /* Resources */,
			);
			buildRules = (
			);
			dependencies = (
				D0FCBA7D1C979B12008A4C28 /* PBXTargetDependency */,
			);
			name = RLDailyViewsTests;
			productName = RLDailyViewsTests;
			productReference = D0FCBA7B1C979B12008A4C28 /* RLDailyViewsTests.xctest */;
			productType = "com.apple.product-type.bundle.unit-test";
		};
/* End PBXNativeTarget section */

/* Begin PBXProject section */
		D0FCBA5A1C979B12008A4C28 /* Project object */ = {
			isa = PBXProject;
			attributes = {
				CLASSPREFIX = RL;
				LastUpgradeCheck = 0640;
				ORGANIZATIONNAME = LiWei;
				TargetAttributes = {
					D0FCBA611C979B12008A4C28 = {
						CreatedOnToolsVersion = 6.4;
					};
					D0FCBA7A1C979B12008A4C28 = {
						CreatedOnToolsVersion = 6.4;
						TestTargetID = D0FCBA611C979B12008A4C28;
					};
				};
			};
			buildConfigurationList = D0FCBA5D1C979B12008A4C28 /* Build configuration list for PBXProject "RLDailyViews" */;
			compatibilityVersion = "Xcode 3.2";
			developmentRegion = English;
			hasScannedForEncodings = 0;
			knownRegions = (
				en,
				Base,
			);
			mainGroup = D0FCBA591C979B12008A4C28;
			productRefGroup = D0FCBA631C979B12008A4C28 /* Products */;
			projectDirPath = "";
			projectRoot = "";
			targets = (
				D0FCBA611C979B12008A4C28 /* RLDailyViews */,
				D0FCBA7A1C979B12008A4C28 /* RLDailyViewsTests */,
			);
		};
/* End PBXProject section */

/* Begin PBXResourcesBuildPhase section */
		D0FCBA601C979B12008A4C28 /* Resources */ = {
			isa = PBXResourcesBuildPhase;
			buildActionMask = 2147483647;
			files = (
				D0E913341C9EC2F400C83E7A /* icon_profile_normal@2x.png in Resources */,
				D051F3C01C9FD53200BAAE0E /* 知乎1.jpg in Resources */,
				D0BC55DA1C99A9A800EF2883 /* Images.xcassets in Resources */,
				D054A6E91C9BACE800716E70 /* Launch Screen.storyboard in Resources */,
				D0FCBA711C979B12008A4C28 /* Main.storyboard in Resources */,
			);
			runOnlyForDeploymentPostprocessing = 0;
		};
		D0FCBA791C979B12008A4C28 /* Resources */ = {
			isa = PBXResourcesBuildPhase;
			buildActionMask = 2147483647;
			files = (
			);
			runOnlyForDeploymentPostprocessing = 0;
		};
/* End PBXResourcesBuildPhase section */

/* Begin PBXShellScriptBuildPhase section */
		7097FAD6057CFBAC402E8CEE /* Check Pods Manifest.lock */ = {
			isa = PBXShellScriptBuildPhase;
			buildActionMask = 2147483647;
			files = (
			);
			inputPaths = (
			);
			name = "Check Pods Manifest.lock";
			outputPaths = (
			);
			runOnlyForDeploymentPostprocessing = 0;
			shellPath = /bin/sh;
			shellScript = "diff \"${PODS_ROOT}/../Podfile.lock\" \"${PODS_ROOT}/Manifest.lock\" > /dev/null\nif [[ $? != 0 ]] ; then\n    cat << EOM\nerror: The sandbox is not in sync with the Podfile.lock. Run 'pod install' or update your CocoaPods installation.\nEOM\n    exit 1\nfi\n";
			showEnvVarsInLog = 0;
		};
		836FF1194A8FFB19C63CD699 /* Embed Pods Frameworks */ = {
			isa = PBXShellScriptBuildPhase;
			buildActionMask = 2147483647;
			files = (
			);
			inputPaths = (
			);
			name = "Embed Pods Frameworks";
			outputPaths = (
			);
			runOnlyForDeploymentPostprocessing = 0;
			shellPath = /bin/sh;
			shellScript = "\"${SRCROOT}/Pods/Target Support Files/Pods/Pods-frameworks.sh\"\n";
			showEnvVarsInLog = 0;
		};
		D6407BDF4E4BBBE7D0B8337A /* Copy Pods Resources */ = {
			isa = PBXShellScriptBuildPhase;
			buildActionMask = 2147483647;
			files = (
			);
			inputPaths = (
			);
			name = "Copy Pods Resources";
			outputPaths = (
			);
			runOnlyForDeploymentPostprocessing = 0;
			shellPath = /bin/sh;
			shellScript = "\"${SRCROOT}/Pods/Target Support Files/Pods/Pods-resources.sh\"\n";
			showEnvVarsInLog = 0;
		};
/* End PBXShellScriptBuildPhase section */

/* Begin PBXSourcesBuildPhase section */
		D0FCBA5E1C979B12008A4C28 /* Sources */ = {
			isa = PBXSourcesBuildPhase;
			buildActionMask = 2147483647;
			files = (
				D064AC091C9A95BC00229973 /* RLCommonNavigation.m in Sources */,
				D051F3CB1C9FDD2500BAAE0E /* NSObject+RLAppearance.m in Sources */,
				D051F3C51C9FDCD300BAAE0E /* Foundation+Log.m in Sources */,
				D064AC021C9A8AA000229973 /* RLDailyListCollection.m in Sources */,
				D064AC0C1C9AA35600229973 /* RLCustomTabBar.m in Sources */,
				D051F3C31C9FD66E00BAAE0E /* RLProfileView.m in Sources */,
				D051F3CC1C9FDD2500BAAE0E /* UIView+Extension.m in Sources */,
				D0BC55D41C999E8E00EF2883 /* AppDelegate.m in Sources */,
				D064ABFF1C9A8A6D00229973 /* RLDetailPageController.m in Sources */,
				D064ABFC1C9A583900229973 /* RLTabBarController.m in Sources */,
				D0FCBA681C979B12008A4C28 /* main.m in Sources */,
			);
			runOnlyForDeploymentPostprocessing = 0;
		};
		D0FCBA771C979B12008A4C28 /* Sources */ = {
			isa = PBXSourcesBuildPhase;
			buildActionMask = 2147483647;
			files = (
				D0FCBA821C979B13008A4C28 /* RLDailyViewsTests.m in Sources */,
			);
			runOnlyForDeploymentPostprocessing = 0;
		};
/* End PBXSourcesBuildPhase section */

/* Begin PBXTargetDependency section */
		D0FCBA7D1C979B12008A4C28 /* PBXTargetDependency */ = {
			isa = PBXTargetDependency;
			target = D0FCBA611C979B12008A4C28 /* RLDailyViews */;
			targetProxy = D0FCBA7C1C979B12008A4C28 /* PBXContainerItemProxy */;
		};
/* End PBXTargetDependency section */

/* Begin PBXVariantGroup section */
		D0FCBA6F1C979B12008A4C28 /* Main.storyboard */ = {
			isa = PBXVariantGroup;
			children = (
				D0FCBA701C979B12008A4C28 /* Base */,
			);
			name = Main.storyboard;
			sourceTree = "<group>";
		};
/* End PBXVariantGroup section */

/* Begin XCBuildConfiguration section */
		D0FCBA831C979B13008A4C28 /* Debug */ = {
			isa = XCBuildConfiguration;
			buildSettings = {
				ALWAYS_SEARCH_USER_PATHS = NO;
				CLANG_CXX_LANGUAGE_STANDARD = "gnu++0x";
				CLANG_CXX_LIBRARY = "libc++";
				CLANG_ENABLE_MODULES = YES;
				CLANG_ENABLE_OBJC_ARC = YES;
				CLANG_WARN_BOOL_CONVERSION = YES;
				CLANG_WARN_CONSTANT_CONVERSION = YES;
				CLANG_WARN_DIRECT_OBJC_ISA_USAGE = YES_ERROR;
				CLANG_WARN_EMPTY_BODY = YES;
				CLANG_WARN_ENUM_CONVERSION = YES;
				CLANG_WARN_INT_CONVERSION = YES;
				CLANG_WARN_OBJC_ROOT_CLASS = YES_ERROR;
				CLANG_WARN_UNREACHABLE_CODE = YES;
				CLANG_WARN__DUPLICATE_METHOD_MATCH = YES;
				"CODE_SIGN_IDENTITY[sdk=iphoneos*]" = "iPhone Developer";
				COPY_PHASE_STRIP = NO;
				DEBUG_INFORMATION_FORMAT = "dwarf-with-dsym";
				ENABLE_STRICT_OBJC_MSGSEND = YES;
				GCC_C_LANGUAGE_STANDARD = gnu99;
				GCC_DYNAMIC_NO_PIC = NO;
				GCC_NO_COMMON_BLOCKS = YES;
				GCC_OPTIMIZATION_LEVEL = 0;
				GCC_PREPROCESSOR_DEFINITIONS = (
					"DEBUG=1",
					"$(inherited)",
				);
				GCC_SYMBOLS_PRIVATE_EXTERN = NO;
				GCC_WARN_64_TO_32_BIT_CONVERSION = YES;
				GCC_WARN_ABOUT_RETURN_TYPE = YES_ERROR;
				GCC_WARN_UNDECLARED_SELECTOR = YES;
				GCC_WARN_UNINITIALIZED_AUTOS = YES_AGGRESSIVE;
				GCC_WARN_UNUSED_FUNCTION = YES;
				GCC_WARN_UNUSED_VARIABLE = YES;
				IPHONEOS_DEPLOYMENT_TARGET = 8.4;
				MTL_ENABLE_DEBUG_INFO = YES;
				ONLY_ACTIVE_ARCH = YES;
				SDKROOT = iphoneos;
				TARGETED_DEVICE_FAMILY = "1,2";
			};
			name = Debug;
		};
		D0FCBA841C979B13008A4C28 /* Release */ = {
			isa = XCBuildConfiguration;
			buildSettings = {
				ALWAYS_SEARCH_USER_PATHS = NO;
				CLANG_CXX_LANGUAGE_STANDARD = "gnu++0x";
				CLANG_CXX_LIBRARY = "libc++";
				CLANG_ENABLE_MODULES = YES;
				CLANG_ENABLE_OBJC_ARC = YES;
				CLANG_WARN_BOOL_CONVERSION = YES;
				CLANG_WARN_CONSTANT_CONVERSION = YES;
				CLANG_WARN_DIRECT_OBJC_ISA_USAGE = YES_ERROR;
				CLANG_WARN_EMPTY_BODY = YES;
				CLANG_WARN_ENUM_CONVERSION = YES;
				CLANG_WARN_INT_CONVERSION = YES;
				CLANG_WARN_OBJC_ROOT_CLASS = YES_ERROR;
				CLANG_WARN_UNREACHABLE_CODE = YES;
				CLANG_WARN__DUPLICATE_METHOD_MATCH = YES;
				"CODE_SIGN_IDENTITY[sdk=iphoneos*]" = "iPhone Developer";
				COPY_PHASE_STRIP = NO;
				DEBUG_INFORMATION_FORMAT = "dwarf-with-dsym";
				ENABLE_NS_ASSERTIONS = NO;
				ENABLE_STRICT_OBJC_MSGSEND = YES;
				GCC_C_LANGUAGE_STANDARD = gnu99;
				GCC_NO_COMMON_BLOCKS = YES;
				GCC_WARN_64_TO_32_BIT_CONVERSION = YES;
				GCC_WARN_ABOUT_RETURN_TYPE = YES_ERROR;
				GCC_WARN_UNDECLARED_SELECTOR = YES;
				GCC_WARN_UNINITIALIZED_AUTOS = YES_AGGRESSIVE;
				GCC_WARN_UNUSED_FUNCTION = YES;
				GCC_WARN_UNUSED_VARIABLE = YES;
				IPHONEOS_DEPLOYMENT_TARGET = 8.4;
				MTL_ENABLE_DEBUG_INFO = NO;
				SDKROOT = iphoneos;
				TARGETED_DEVICE_FAMILY = "1,2";
				VALIDATE_PRODUCT = YES;
			};
			name = Release;
		};
		D0FCBA861C979B13008A4C28 /* Debug */ = {
			isa = XCBuildConfiguration;
			baseConfigurationReference = 4607DE83E039086883A61831 /* Pods.debug.xcconfig */;
			buildSettings = {
				ASSETCATALOG_COMPILER_APPICON_NAME = AppIcon;
				GCC_PREFIX_HEADER = "$(SRCROOT)/RLDailyViews/PCH/PrefixHeader.pch";
				INFOPLIST_FILE = RLDailyViews/Info.plist;
				IPHONEOS_DEPLOYMENT_TARGET = 7.1;
				LD_RUNPATH_SEARCH_PATHS = "$(inherited) @executable_path/Frameworks";
				PRODUCT_NAME = "$(TARGET_NAME)";
			};
			name = Debug;
		};
		D0FCBA871C979B13008A4C28 /* Release */ = {
			isa = XCBuildConfiguration;
			baseConfigurationReference = 3313C8F6AE0F1EB6D8F1C286 /* Pods.release.xcconfig */;
			buildSettings = {
				ASSETCATALOG_COMPILER_APPICON_NAME = AppIcon;
				GCC_PREFIX_HEADER = "$(SRCROOT)/RLDailyViews/PCH/PrefixHeader.pch";
				INFOPLIST_FILE = RLDailyViews/Info.plist;
				IPHONEOS_DEPLOYMENT_TARGET = 7.1;
				LD_RUNPATH_SEARCH_PATHS = "$(inherited) @executable_path/Frameworks";
				PRODUCT_NAME = "$(TARGET_NAME)";
			};
			name = Release;
		};
		D0FCBA891C979B13008A4C28 /* Debug */ = {
			isa = XCBuildConfiguration;
			buildSettings = {
				BUNDLE_LOADER = "$(TEST_HOST)";
				FRAMEWORK_SEARCH_PATHS = (
					"$(SDKROOT)/Developer/Library/Frameworks",
					"$(inherited)",
				);
				GCC_PREPROCESSOR_DEFINITIONS = (
					"DEBUG=1",
					"$(inherited)",
				);
				INFOPLIST_FILE = RLDailyViewsTests/Info.plist;
				LD_RUNPATH_SEARCH_PATHS = "$(inherited) @executable_path/Frameworks @loader_path/Frameworks";
				PRODUCT_NAME = "$(TARGET_NAME)";
				TEST_HOST = "$(BUILT_PRODUCTS_DIR)/RLDailyViews.app/RLDailyViews";
			};
			name = Debug;
		};
		D0FCBA8A1C979B13008A4C28 /* Release */ = {
			isa = XCBuildConfiguration;
			buildSettings = {
				BUNDLE_LOADER = "$(TEST_HOST)";
				FRAMEWORK_SEARCH_PATHS = (
					"$(SDKROOT)/Developer/Library/Frameworks",
					"$(inherited)",
				);
				INFOPLIST_FILE = RLDailyViewsTests/Info.plist;
				LD_RUNPATH_SEARCH_PATHS = "$(inherited) @executable_path/Frameworks @loader_path/Frameworks";
				PRODUCT_NAME = "$(TARGET_NAME)";
				TEST_HOST = "$(BUILT_PRODUCTS_DIR)/RLDailyViews.app/RLDailyViews";
			};
			name = Release;
		};
/* End XCBuildConfiguration section */

/* Begin XCConfigurationList section */
		D0FCBA5D1C979B12008A4C28 /* Build configuration list for PBXProject "RLDailyViews" */ = {
			isa = XCConfigurationList;
			buildConfigurations = (
				D0FCBA831C979B13008A4C28 /* Debug */,
				D0FCBA841C979B13008A4C28 /* Release */,
			);
			defaultConfigurationIsVisible = 0;
			defaultConfigurationName = Release;
		};
		D0FCBA851C979B13008A4C28 /* Build configuration list for PBXNativeTarget "RLDailyViews" */ = {
			isa = XCConfigurationList;
			buildConfigurations = (
				D0FCBA861C979B13008A4C28 /* Debug */,
				D0FCBA871C979B13008A4C28 /* Release */,
			);
			defaultConfigurationIsVisible = 0;
			defaultConfigurationName = Release;
		};
		D0FCBA881C979B13008A4C28 /* Build configuration list for PBXNativeTarget "RLDailyViewsTests" */ = {
			isa = XCConfigurationList;
			buildConfigurations = (
				D0FCBA891C979B13008A4C28 /* Debug */,
				D0FCBA8A1C979B13008A4C28 /* Release */,
			);
			defaultConfigurationIsVisible = 0;
			defaultConfigurationName = Release;
		};
/* End XCConfigurationList section */
	};
	rootObject = D0FCBA5A1C979B12008A4C28 /* Project object */;
}
